# This file was autogenerated by Stack.
# You should not edit this file by hand.
# For more information, please see the documentation at:
#   https://docs.haskellstack.org/en/stable/lock_files

packages:
- completed:
    hackage: crypto-pubkey-0.2.8@sha256:a1ed035adeec47912c790967a00b4b77580c1edf586d1bebde9a615c86e972df,2892
    pantry-tree:
      size: 1897
      sha256: d8f323318f7402798ff0b4f2c09a0edbcf9e5a0bb722d0904040a7a90d9ba3e6
  original:
    hackage: crypto-pubkey-0.2.8@sha256:a1ed035adeec47912c790967a00b4b77580c1edf586d1bebde9a615c86e972df,2892
- completed:
    hackage: pbkdf-1.1.1.1@sha256:8d464cca917d723c65fe1a9f03e3b441e3f1bdbe4b72bf0f4e24a1e80ccfa326,2070
    pantry-tree:
      size: 521
      sha256: 6247df8d7f7d197b591e7103d8118b2e59e368eda2f8bc2e3b32992a57ec8b01
  original:
    hackage: pbkdf-1.1.1.1@sha256:8d464cca917d723c65fe1a9f03e3b441e3f1bdbe4b72bf0f4e24a1e80ccfa326,2070
- completed:
    hackage: crypto-numbers-0.2.7@sha256:2b493386b7605b70a67f751d6496e9feff8ef319a5294b122a3ff3895a8453ca,2223
    pantry-tree:
      size: 790
      sha256: 393ee889efabd8d45499568fd06d77e6f726f964dc75c49cd85b66ad964c6e84
  original:
    hackage: crypto-numbers-0.2.7@sha256:2b493386b7605b70a67f751d6496e9feff8ef319a5294b122a3ff3895a8453ca,2223
snapshots:
- completed:
    size: 496697
    url: https://raw.githubusercontent.com/commercialhaskell/stackage-snapshots/master/lts/13/9.yaml
    sha256: 3846ba7d13dd1b2679426dc3f450332a3b8a181063b0f3fc2d0c7d55db2e9c24
  original: lts-13.9
